# This file is automatically @generated by Poetry 1.6.1 and should not be changed by hand.

[[package]]
name = "pywordcloud"
version = "0.2.2"
description = "Generate Word Clouds in Python."
optional = false
python-versions = "*"
files = [
    {file = "pywordcloud-0.2.2.tar.gz", hash = "sha256:a82ead1f814f00fd16a044cfbfa4c4a4dc4ac581f3d78f13fd62e7891256154a"},
]

[metadata]
lock-version = "2.0"
python-versions = "^3.8.5"
content-hash = "a5bbe78c0f983531a52fe8920a4de740d6304cea0e06b371fbf5136fc5b4aa02"
